
Microsoft Visual Studio Solution File, Format Version 12.00
# Visual Studio Version 17
VisualStudioVersion = 17.6.33815.320
MinimumVisualStudioVersion = 10.0.40219.1
Project("{FAE04EC0-301F-11D3-BF4B-00C04F79EFBC}") = "xml2", "xml2\xml2.csproj", "{97CFD280-A671-4B88-B970-8FC278EAE788}"
EndProject
Global
	GlobalSection(SolutionConfigurationPlatforms) = preSolution
		Debug|Any CPU = Debug|Any CPU
		Release|Any CPU = Release|Any CPU
	EndGlobalSection
	GlobalSection(ProjectConfigurationPlatforms) = postSolution
		{97CFD280-A671-4B88-B970-8FC278EAE788}.Debug|Any CPU.ActiveCfg = Debug|Any CPU
		{97CFD280-A671-4B88-B970-8FC278EAE788}.Debug|Any CPU.Build.0 = Debug|Any CPU
		{97CFD280-A671-4B88-B970-8FC278EAE788}.Release|Any CPU.ActiveCfg = Release|Any CPU
		{97CFD280-A671-4B88-B970-8FC278EAE788}.Release|Any CPU.Build.0 = Release|Any CPU
	EndGlobalSection
	GlobalSection(SolutionProperties) = preSolution
		HideSolutionNode = FALSE
	EndGlobalSection
	GlobalSection(ExtensibilityGlobals) = postSolution
		SolutionGuid = {91198417-5847-4483-A583-223976B90BC0}
	EndGlobalSection
EndGlobal
